
Microsoft Visual Studio Solution File, Format Version 12.00
Project("{FAE04EC0-301F-11D3-BF4B-00C04F79EFBC}") = "BreakTime", "BreakTime.csproj", "{C7BB20E4-DD39-44A6-87A8-31982F4D300B}"
EndProject
Global
	GlobalSection(SolutionConfigurationPlatforms) = preSolution
		Debug|Any CPU = Debug|Any CPU
		Release|Any CPU = Release|Any CPU
	EndGlobalSection
	GlobalSection(ProjectConfigurationPlatforms) = postSolution
		{C7BB20E4-DD39-44A6-87A8-31982F4D300B}.Debug|Any CPU.ActiveCfg = Debug|Any CPU
		{C7BB20E4-DD39-44A6-87A8-31982F4D300B}.Debug|Any CPU.Build.0 = Debug|Any CPU
		{C7BB20E4-DD39-44A6-87A8-31982F4D300B}.Release|Any CPU.ActiveCfg = Release|Any CPU
		{C7BB20E4-DD39-44A6-87A8-31982F4D300B}.Release|Any CPU.Build.0 = Release|Any CPU
	EndGlobalSection
EndGlobal
